
Microsoft Visual Studio Solution File, Format Version 12.00
# Visual Studio Version 17
VisualStudioVersion = 17.5.33516.290
MinimumVisualStudioVersion = 10.0.40219.1
Project("{9A19103F-16F7-4668-BE54-9A1E7A4F7556}") = "csharp-lista-indirizzi", "csharp-lista-indirizzi.csproj", "{EEC97EAB-7025-4F5D-88CD-690B2E5A212E}"
EndProject
Project("{2150E333-8FDC-42A3-9474-1A3956D46DE8}") = "Elementi di soluzione", "Elementi di soluzione", "{CDB4762A-4CE6-41A3-AAE9-1B785FABCDCF}"
	ProjectSection(SolutionItems) = preProject
		Indirizzo.cs = Indirizzo.cs
	EndProjectSection
EndProject
Global
	GlobalSection(SolutionConfigurationPlatforms) = preSolution
		Debug|Any CPU = Debug|Any CPU
		Release|Any CPU = Release|Any CPU
	EndGlobalSection
	GlobalSection(ProjectConfigurationPlatforms) = postSolution
		{EEC97EAB-7025-4F5D-88CD-690B2E5A212E}.Debug|Any CPU.ActiveCfg = Debug|Any CPU
		{EEC97EAB-7025-4F5D-88CD-690B2E5A212E}.Debug|Any CPU.Build.0 = Debug|Any CPU
		{EEC97EAB-7025-4F5D-88CD-690B2E5A212E}.Release|Any CPU.ActiveCfg = Release|Any CPU
		{EEC97EAB-7025-4F5D-88CD-690B2E5A212E}.Release|Any CPU.Build.0 = Release|Any CPU
	EndGlobalSection
	GlobalSection(SolutionProperties) = preSolution
		HideSolutionNode = FALSE
	EndGlobalSection
	GlobalSection(ExtensibilityGlobals) = postSolution
		SolutionGuid = {6E04A498-C1AE-46EF-9C7B-D6FB890F3D3A}
	EndGlobalSection
EndGlobal
